
Microsoft Visual Studio Solution File, Format Version 12.00
# Visual Studio 15
VisualStudioVersion = 15.0.28010.2026
MinimumVisualStudioVersion = 10.0.40219.1
Project("{FAE04EC0-301F-11D3-BF4B-00C04F79EFBC}") = "MusicService", "MusicService\MusicService.csproj", "{F591E2F6-A6FF-4AA2-923D-87899288D3A1}"
EndProject
Project("{FAE04EC0-301F-11D3-BF4B-00C04F79EFBC}") = "MusicServiceHost", "MusicServiceHost\MusicServiceHost.csproj", "{97A5A480-2B66-436C-AD14-8C7C89533AC0}"
EndProject
Global
	GlobalSection(SolutionConfigurationPlatforms) = preSolution
		Debug|Any CPU = Debug|Any CPU
		Release|Any CPU = Release|Any CPU
	EndGlobalSection
	GlobalSection(ProjectConfigurationPlatforms) = postSolution
		{F591E2F6-A6FF-4AA2-923D-87899288D3A1}.Debug|Any CPU.ActiveCfg = Debug|Any CPU
		{F591E2F6-A6FF-4AA2-923D-87899288D3A1}.Debug|Any CPU.Build.0 = Debug|Any CPU
		{F591E2F6-A6FF-4AA2-923D-87899288D3A1}.Release|Any CPU.ActiveCfg = Release|Any CPU
		{F591E2F6-A6FF-4AA2-923D-87899288D3A1}.Release|Any CPU.Build.0 = Release|Any CPU
		{97A5A480-2B66-436C-AD14-8C7C89533AC0}.Debug|Any CPU.ActiveCfg = Debug|Any CPU
		{97A5A480-2B66-436C-AD14-8C7C89533AC0}.Debug|Any CPU.Build.0 = Debug|Any CPU
		{97A5A480-2B66-436C-AD14-8C7C89533AC0}.Release|Any CPU.ActiveCfg = Release|Any CPU
		{97A5A480-2B66-436C-AD14-8C7C89533AC0}.Release|Any CPU.Build.0 = Release|Any CPU
	EndGlobalSection
	GlobalSection(SolutionProperties) = preSolution
		HideSolutionNode = FALSE
	EndGlobalSection
	GlobalSection(ExtensibilityGlobals) = postSolution
		SolutionGuid = {A2254B96-A891-46B7-B1DE-2749F98F5CF6}
	EndGlobalSection
EndGlobal
